// !$*UTF8*$!
{
	archiveVersion = 1;
	classes = {
	};
	objectVersion = 56;
	objects = {

/* Begin PBXBuildFile section */
		8A3B6DB42A703E3C0041487A /* AppDelegate.swift in Sources */ = {isa = PBXBuildFile; fileRef = 8A3B6DB32A703E3C0041487A /* AppDelegate.swift */; };
		8A3B6DB62A703E3C0041487A /* SceneDelegate.swift in Sources */ = {isa = PBXBuildFile; fileRef = 8A3B6DB52A703E3C0041487A /* SceneDelegate.swift */; };
		8A3B6DBB2A703E3C0041487A /* Main.storyboard in Resources */ = {isa = PBXBuildFile; fileRef = 8A3B6DB92A703E3C0041487A /* Main.storyboard */; };
		8A3B6DBD2A703E3F0041487A /* Assets.xcassets in Resources */ = {isa = PBXBuildFile; fileRef = 8A3B6DBC2A703E3F0041487A /* Assets.xcassets */; };
		8A3B6DC02A703E3F0041487A /* LaunchScreen.storyboard in Resources */ = {isa = PBXBuildFile; fileRef = 8A3B6DBE2A703E3F0041487A /* LaunchScreen.storyboard */; };
		8A3B6DC82A703FDF0041487A /* GoogleService-Info.plist in Resources */ = {isa = PBXBuildFile; fileRef = 8A3B6DC72A703FDF0041487A /* GoogleService-Info.plist */; };
		8A3B6DCB2A7041340041487A /* FirebaseAuth in Frameworks */ = {isa = PBXBuildFile; productRef = 8A3B6DCA2A7041340041487A /* FirebaseAuth */; };
		8A3B6DCE2A704A7F0041487A /* LoginViewController.swift in Sources */ = {isa = PBXBuildFile; fileRef = 8A3B6DCD2A704A7F0041487A /* LoginViewController.swift */; };
		8A3B6DD22A7051AF0041487A /* SliderCollectionViewCell.swift in Sources */ = {isa = PBXBuildFile; fileRef = 8A3B6DD02A7051AF0041487A /* SliderCollectionViewCell.swift */; };
		8A3B6DD32A7051AF0041487A /* SliderCollectionViewCell.xib in Resources */ = {isa = PBXBuildFile; fileRef = 8A3B6DD12A7051AF0041487A /* SliderCollectionViewCell.xib */; };
		8A3B6DD62A705FD50041487A /* Slide.swift in Sources */ = {isa = PBXBuildFile; fileRef = 8A3B6DD52A705FD50041487A /* Slide.swift */; };
/* End PBXBuildFile section */

/* Begin PBXFileReference section */
		8A3B6DB02A703E3C0041487A /* BelChat.app */ = {isa = PBXFileReference; explicitFileType = wrapper.application; includeInIndex = 0; path = BelChat.app; sourceTree = BUILT_PRODUCTS_DIR; };
		8A3B6DB32A703E3C0041487A /* AppDelegate.swift */ = {isa = PBXFileReference; lastKnownFileType = sourcecode.swift; path = AppDelegate.swift; sourceTree = "<group>"; };
		8A3B6DB52A703E3C0041487A /* SceneDelegate.swift */ = {isa = PBXFileReference; lastKnownFileType = sourcecode.swift; path = SceneDelegate.swift; sourceTree = "<group>"; };
		8A3B6DBA2A703E3C0041487A /* Base */ = {isa = PBXFileReference; lastKnownFileType = file.storyboard; name = Base; path = Base.lproj/Main.storyboard; sourceTree = "<group>"; };
		8A3B6DBC2A703E3F0041487A /* Assets.xcassets */ = {isa = PBXFileReference; lastKnownFileType = folder.assetcatalog; path = Assets.xcassets; sourceTree = "<group>"; };
		8A3B6DBF2A703E3F0041487A /* Base */ = {isa = PBXFileReference; lastKnownFileType = file.storyboard; name = Base; path = Base.lproj/LaunchScreen.storyboard; sourceTree = "<group>"; };
		8A3B6DC12A703E3F0041487A /* Info.plist */ = {isa = PBXFileReference; lastKnownFileType = text.plist.xml; path = Info.plist; sourceTree = "<group>"; };
		8A3B6DC72A703FDF0041487A /* GoogleService-Info.plist */ = {isa = PBXFileReference; fileEncoding = 4; lastKnownFileType = text.plist.xml; path = "GoogleService-Info.plist"; sourceTree = "<group>"; };
		8A3B6DCD2A704A7F0041487A /* LoginViewController.swift */ = {isa = PBXFileReference; lastKnownFileType = sourcecode.swift; path = LoginViewController.swift; sourceTree = "<group>"; };
		8A3B6DD02A7051AF0041487A /* SliderCollectionViewCell.swift */ = {isa = PBXFileReference; lastKnownFileType = sourcecode.swift; path = SliderCollectionViewCell.swift; sourceTree = "<group>"; };
		8A3B6DD12A7051AF0041487A /* SliderCollectionViewCell.xib */ = {isa = PBXFileReference; lastKnownFileType = file.xib; path = SliderCollectionViewCell.xib; sourceTree = "<group>"; };
		8A3B6DD52A705FD50041487A /* Slide.swift */ = {isa = PBXFileReference; lastKnownFileType = sourcecode.swift; path = Slide.swift; sourceTree = "<group>"; };
/* End PBXFileReference section */

/* Begin PBXFrameworksBuildPhase section */
		8A3B6DAD2A703E3C0041487A /* Frameworks */ = {
			isa = PBXFrameworksBuildPhase;
			buildActionMask = 2147483647;
			files = (
				8A3B6DCB2A7041340041487A /* FirebaseAuth in Frameworks */,
			);
			runOnlyForDeploymentPostprocessing = 0;
		};
/* End PBXFrameworksBuildPhase section */

/* Begin PBXGroup section */
		8A3B6DA72A703E3C0041487A = {
			isa = PBXGroup;
			children = (
				8A3B6DB22A703E3C0041487A /* BelChat */,
				8A3B6DB12A703E3C0041487A /* Products */,
			);
			sourceTree = "<group>";
		};
		8A3B6DB12A703E3C0041487A /* Products */ = {
			isa = PBXGroup;
			children = (
				8A3B6DB02A703E3C0041487A /* BelChat.app */,
			);
			name = Products;
			sourceTree = "<group>";
		};
		8A3B6DB22A703E3C0041487A /* BelChat */ = {
			isa = PBXGroup;
			children = (
				8A3B6DD42A705FBF0041487A /* Models */,
				8A3B6DCF2A70515B0041487A /* Views */,
				8A3B6DB32A703E3C0041487A /* AppDelegate.swift */,
				8A3B6DB52A703E3C0041487A /* SceneDelegate.swift */,
				8A3B6DCC2A7049090041487A /* Controllers */,
				8A3B6DB92A703E3C0041487A /* Main.storyboard */,
				8A3B6DBC2A703E3F0041487A /* Assets.xcassets */,
				8A3B6DBE2A703E3F0041487A /* LaunchScreen.storyboard */,
				8A3B6DC12A703E3F0041487A /* Info.plist */,
				8A3B6DC72A703FDF0041487A /* GoogleService-Info.plist */,
			);
			path = BelChat;
			sourceTree = "<group>";
		};
		8A3B6DCC2A7049090041487A /* Controllers */ = {
			isa = PBXGroup;
			children = (
				8A3B6DCD2A704A7F0041487A /* LoginViewController.swift */,
			);
			path = Controllers;
			sourceTree = "<group>";
		};
		8A3B6DCF2A70515B0041487A /* Views */ = {
			isa = PBXGroup;
			children = (
				8A3B6DD02A7051AF0041487A /* SliderCollectionViewCell.swift */,
				8A3B6DD12A7051AF0041487A /* SliderCollectionViewCell.xib */,
			);
			path = Views;
			sourceTree = "<group>";
		};
		8A3B6DD42A705FBF0041487A /* Models */ = {
			isa = PBXGroup;
			children = (
				8A3B6DD52A705FD50041487A /* Slide.swift */,
			);
			path = Models;
			sourceTree = "<group>";
		};
/* End PBXGroup section */

/* Begin PBXNativeTarget section */
		8A3B6DAF2A703E3C0041487A /* BelChat */ = {
			isa = PBXNativeTarget;
			buildConfigurationList = 8A3B6DC42A703E3F0041487A /* Build configuration list for PBXNativeTarget "BelChat" */;
			buildPhases = (
				8A3B6DAC2A703E3C0041487A /* Sources */,
				8A3B6DAD2A703E3C0041487A /* Frameworks */,
				8A3B6DAE2A703E3C0041487A /* Resources */,
			);
			buildRules = (
			);
			dependencies = (
			);
			name = BelChat;
			packageProductDependencies = (
				8A3B6DCA2A7041340041487A /* FirebaseAuth */,
			);
			productName = BelChat;
			productReference = 8A3B6DB02A703E3C0041487A /* BelChat.app */;
			productType = "com.apple.product-type.application";
		};
/* End PBXNativeTarget section */

/* Begin PBXProject section */
		8A3B6DA82A703E3C0041487A /* Project object */ = {
			isa = PBXProject;
			attributes = {
				BuildIndependentTargetsInParallel = 1;
				LastSwiftUpdateCheck = 1430;
				LastUpgradeCheck = 1430;
				TargetAttributes = {
					8A3B6DAF2A703E3C0041487A = {
						CreatedOnToolsVersion = 14.3.1;
					};
				};
			};
			buildConfigurationList = 8A3B6DAB2A703E3C0041487A /* Build configuration list for PBXProject "BelChat" */;
			compatibilityVersion = "Xcode 14.0";
			developmentRegion = en;
			hasScannedForEncodings = 0;
			knownRegions = (
				en,
				Base,
			);
			mainGroup = 8A3B6DA72A703E3C0041487A;
			packageReferences = (
				8A3B6DC92A7041330041487A /* XCRemoteSwiftPackageReference "firebase-ios-sdk" */,
			);
			productRefGroup = 8A3B6DB12A703E3C0041487A /* Products */;
			projectDirPath = "";
			projectRoot = "";
			targets = (
				8A3B6DAF2A703E3C0041487A /* BelChat */,
			);
		};
/* End PBXProject section */

/* Begin PBXResourcesBuildPhase section */
		8A3B6DAE2A703E3C0041487A /* Resources */ = {
			isa = PBXResourcesBuildPhase;
			buildActionMask = 2147483647;
			files = (
				8A3B6DC02A703E3F0041487A /* LaunchScreen.storyboard in Resources */,
				8A3B6DD32A7051AF0041487A /* SliderCollectionViewCell.xib in Resources */,
				8A3B6DC82A703FDF0041487A /* GoogleService-Info.plist in Resources */,
				8A3B6DBD2A703E3F0041487A /* Assets.xcassets in Resources */,
				8A3B6DBB2A703E3C0041487A /* Main.storyboard in Resources */,
			);
			runOnlyForDeploymentPostprocessing = 0;
		};
/* End PBXResourcesBuildPhase section */

/* Begin PBXSourcesBuildPhase section */
		8A3B6DAC2A703E3C0041487A /* Sources */ = {
			isa = PBXSourcesBuildPhase;
			buildActionMask = 2147483647;
			files = (
				8A3B6DCE2A704A7F0041487A /* LoginViewController.swift in Sources */,
				8A3B6DB42A703E3C0041487A /* AppDelegate.swift in Sources */,
				8A3B6DB62A703E3C0041487A /* SceneDelegate.swift in Sources */,
				8A3B6DD22A7051AF0041487A /* SliderCollectionViewCell.swift in Sources */,
				8A3B6DD62A705FD50041487A /* Slide.swift in Sources */,
			);
			runOnlyForDeploymentPostprocessing = 0;
		};
/* End PBXSourcesBuildPhase section */

/* Begin PBXVariantGroup section */
		8A3B6DB92A703E3C0041487A /* Main.storyboard */ = {
			isa = PBXVariantGroup;
			children = (
				8A3B6DBA2A703E3C0041487A /* Base */,
			);
			name = Main.storyboard;
			sourceTree = "<group>";
		};
		8A3B6DBE2A703E3F0041487A /* LaunchScreen.storyboard */ = {
			isa = PBXVariantGroup;
			children = (
				8A3B6DBF2A703E3F0041487A /* Base */,
			);
			name = LaunchScreen.storyboard;
			sourceTree = "<group>";
		};
/* End PBXVariantGroup section */

/* Begin XCBuildConfiguration section */
		8A3B6DC22A703E3F0041487A /* Debug */ = {
			isa = XCBuildConfiguration;
			buildSettings = {
				ALWAYS_SEARCH_USER_PATHS = NO;
				CLANG_ANALYZER_NONNULL = YES;
				CLANG_ANALYZER_NUMBER_OBJECT_CONVERSION = YES_AGGRESSIVE;
				CLANG_CXX_LANGUAGE_STANDARD = "gnu++20";
				CLANG_ENABLE_MODULES = YES;
				CLANG_ENABLE_OBJC_ARC = YES;
				CLANG_ENABLE_OBJC_WEAK = YES;
				CLANG_WARN_BLOCK_CAPTURE_AUTORELEASING = YES;
				CLANG_WARN_BOOL_CONVERSION = YES;
				CLANG_WARN_COMMA = YES;
				CLANG_WARN_CONSTANT_CONVERSION = YES;
				CLANG_WARN_DEPRECATED_OBJC_IMPLEMENTATIONS = YES;
				CLANG_WARN_DIRECT_OBJC_ISA_USAGE = YES_ERROR;
				CLANG_WARN_DOCUMENTATION_COMMENTS = YES;
				CLANG_WARN_EMPTY_BODY = YES;
				CLANG_WARN_ENUM_CONVERSION = YES;
				CLANG_WARN_INFINITE_RECURSION = YES;
				CLANG_WARN_INT_CONVERSION = YES;
				CLANG_WARN_NON_LITERAL_NULL_CONVERSION = YES;
				CLANG_WARN_OBJC_IMPLICIT_RETAIN_SELF = YES;
				CLANG_WARN_OBJC_LITERAL_CONVERSION = YES;
				CLANG_WARN_OBJC_ROOT_CLASS = YES_ERROR;
				CLANG_WARN_QUOTED_INCLUDE_IN_FRAMEWORK_HEADER = YES;
				CLANG_WARN_RANGE_LOOP_ANALYSIS = YES;
				CLANG_WARN_STRICT_PROTOTYPES = YES;
				CLANG_WARN_SUSPICIOUS_MOVE = YES;
				CLANG_WARN_UNGUARDED_AVAILABILITY = YES_AGGRESSIVE;
				CLANG_WARN_UNREACHABLE_CODE = YES;
				CLANG_WARN__DUPLICATE_METHOD_MATCH = YES;
				COPY_PHASE_STRIP = NO;
				DEBUG_INFORMATION_FORMAT = dwarf;
				ENABLE_STRICT_OBJC_MSGSEND = YES;
				ENABLE_TESTABILITY = YES;
				GCC_C_LANGUAGE_STANDARD = gnu11;
				GCC_DYNAMIC_NO_PIC = NO;
				GCC_NO_COMMON_BLOCKS = YES;
				GCC_OPTIMIZATION_LEVEL = 0;
				GCC_PREPROCESSOR_DEFINITIONS = (
					"DEBUG=1",
					"$(inherited)",
				);
				GCC_WARN_64_TO_32_BIT_CONVERSION = YES;
				GCC_WARN_ABOUT_RETURN_TYPE = YES_ERROR;
				GCC_WARN_UNDECLARED_SELECTOR = YES;
				GCC_WARN_UNINITIALIZED_AUTOS = YES_AGGRESSIVE;
				GCC_WARN_UNUSED_FUNCTION = YES;
				GCC_WARN_UNUSED_VARIABLE = YES;
				IPHONEOS_DEPLOYMENT_TARGET = 16.4;
				MTL_ENABLE_DEBUG_INFO = INCLUDE_SOURCE;
				MTL_FAST_MATH = YES;
				ONLY_ACTIVE_ARCH = YES;
				SDKROOT = iphoneos;
				SWIFT_ACTIVE_COMPILATION_CONDITIONS = DEBUG;
				SWIFT_OPTIMIZATION_LEVEL = "-Onone";
			};
			name = Debug;
		};
		8A3B6DC32A703E3F0041487A /* Release */ = {
			isa = XCBuildConfiguration;
			buildSettings = {
				ALWAYS_SEARCH_USER_PATHS = NO;
				CLANG_ANALYZER_NONNULL = YES;
				CLANG_ANALYZER_NUMBER_OBJECT_CONVERSION = YES_AGGRESSIVE;
				CLANG_CXX_LANGUAGE_STANDARD = "gnu++20";
				CLANG_ENABLE_MODULES = YES;
				CLANG_ENABLE_OBJC_ARC = YES;
				CLANG_ENABLE_OBJC_WEAK = YES;
				CLANG_WARN_BLOCK_CAPTURE_AUTORELEASING = YES;
				CLANG_WARN_BOOL_CONVERSION = YES;
				CLANG_WARN_COMMA = YES;
				CLANG_WARN_CONSTANT_CONVERSION = YES;
				CLANG_WARN_DEPRECATED_OBJC_IMPLEMENTATIONS = YES;
				CLANG_WARN_DIRECT_OBJC_ISA_USAGE = YES_ERROR;
				CLANG_WARN_DOCUMENTATION_COMMENTS = YES;
				CLANG_WARN_EMPTY_BODY = YES;
				CLANG_WARN_ENUM_CONVERSION = YES;
				CLANG_WARN_INFINITE_RECURSION = YES;
				CLANG_WARN_INT_CONVERSION = YES;
				CLANG_WARN_NON_LITERAL_NULL_CONVERSION = YES;
				CLANG_WARN_OBJC_IMPLICIT_RETAIN_SELF = YES;
				CLANG_WARN_OBJC_LITERAL_CONVERSION = YES;
				CLANG_WARN_OBJC_ROOT_CLASS = YES_ERROR;
				CLANG_WARN_QUOTED_INCLUDE_IN_FRAMEWORK_HEADER = YES;
				CLANG_WARN_RANGE_LOOP_ANALYSIS = YES;
				CLANG_WARN_STRICT_PROTOTYPES = YES;
				CLANG_WARN_SUSPICIOUS_MOVE = YES;
				CLANG_WARN_UNGUARDED_AVAILABILITY = YES_AGGRESSIVE;
				CLANG_WARN_UNREACHABLE_CODE = YES;
				CLANG_WARN__DUPLICATE_METHOD_MATCH = YES;
				COPY_PHASE_STRIP = NO;
				DEBUG_INFORMATION_FORMAT = "dwarf-with-dsym";
				ENABLE_NS_ASSERTIONS = NO;
				ENABLE_STRICT_OBJC_MSGSEND = YES;
				GCC_C_LANGUAGE_STANDARD = gnu11;
				GCC_NO_COMMON_BLOCKS = YES;
				GCC_WARN_64_TO_32_BIT_CONVERSION = YES;
				GCC_WARN_ABOUT_RETURN_TYPE = YES_ERROR;
				GCC_WARN_UNDECLARED_SELECTOR = YES;
				GCC_WARN_UNINITIALIZED_AUTOS = YES_AGGRESSIVE;
				GCC_WARN_UNUSED_FUNCTION = YES;
				GCC_WARN_UNUSED_VARIABLE = YES;
				IPHONEOS_DEPLOYMENT_TARGET = 16.4;
				MTL_ENABLE_DEBUG_INFO = NO;
				MTL_FAST_MATH = YES;
				SDKROOT = iphoneos;
				SWIFT_COMPILATION_MODE = wholemodule;
				SWIFT_OPTIMIZATION_LEVEL = "-O";
				VALIDATE_PRODUCT = YES;
			};
			name = Release;
		};
		8A3B6DC52A703E3F0041487A /* Debug */ = {
			isa = XCBuildConfiguration;
			buildSettings = {
				ASSETCATALOG_COMPILER_APPICON_NAME = AppIcon;
				ASSETCATALOG_COMPILER_GLOBAL_ACCENT_COLOR_NAME = AccentColor;
				CODE_SIGN_STYLE = Automatic;
				CURRENT_PROJECT_VERSION = 1;
				DEVELOPMENT_TEAM = P894A63FN8;
				GENERATE_INFOPLIST_FILE = YES;
				INFOPLIST_FILE = BelChat/Info.plist;
				INFOPLIST_KEY_UIApplicationSupportsIndirectInputEvents = YES;
				INFOPLIST_KEY_UILaunchStoryboardName = LaunchScreen;
				INFOPLIST_KEY_UIMainStoryboardFile = Main;
				INFOPLIST_KEY_UISupportedInterfaceOrientations = UIInterfaceOrientationPortrait;
				INFOPLIST_KEY_UISupportedInterfaceOrientations_iPad = "UIInterfaceOrientationLandscapeLeft UIInterfaceOrientationLandscapeRight UIInterfaceOrientationPortrait UIInterfaceOrientationPortraitUpsideDown";
				IPHONEOS_DEPLOYMENT_TARGET = 13.0;
				LD_RUNPATH_SEARCH_PATHS = (
					"$(inherited)",
					"@executable_path/Frameworks",
				);
				MARKETING_VERSION = 1.0;
				PRODUCT_BUNDLE_IDENTIFIER = "Alexey-Manohin.BelChat";
				PRODUCT_NAME = "$(TARGET_NAME)";
				SUPPORTED_PLATFORMS = "iphoneos iphonesimulator";
				SUPPORTS_MACCATALYST = NO;
				SUPPORTS_MAC_DESIGNED_FOR_IPHONE_IPAD = NO;
				SWIFT_EMIT_LOC_STRINGS = YES;
				SWIFT_VERSION = 5.0;
				TARGETED_DEVICE_FAMILY = 1;
			};
			name = Debug;
		};
		8A3B6DC62A703E3F0041487A /* Release */ = {
			isa = XCBuildConfiguration;
			buildSettings = {
				ASSETCATALOG_COMPILER_APPICON_NAME = AppIcon;
				ASSETCATALOG_COMPILER_GLOBAL_ACCENT_COLOR_NAME = AccentColor;
				CODE_SIGN_STYLE = Automatic;
				CURRENT_PROJECT_VERSION = 1;
				DEVELOPMENT_TEAM = P894A63FN8;
				GENERATE_INFOPLIST_FILE = YES;
				INFOPLIST_FILE = BelChat/Info.plist;
				INFOPLIST_KEY_UIApplicationSupportsIndirectInputEvents = YES;
				INFOPLIST_KEY_UILaunchStoryboardName = LaunchScreen;
				INFOPLIST_KEY_UIMainStoryboardFile = Main;
				INFOPLIST_KEY_UISupportedInterfaceOrientations = UIInterfaceOrientationPortrait;
				INFOPLIST_KEY_UISupportedInterfaceOrientations_iPad = "UIInterfaceOrientationLandscapeLeft UIInterfaceOrientationLandscapeRight UIInterfaceOrientationPortrait UIInterfaceOrientationPortraitUpsideDown";
				IPHONEOS_DEPLOYMENT_TARGET = 13.0;
				LD_RUNPATH_SEARCH_PATHS = (
					"$(inherited)",
					"@executable_path/Frameworks",
				);
				MARKETING_VERSION = 1.0;
				PRODUCT_BUNDLE_IDENTIFIER = "Alexey-Manohin.BelChat";
				PRODUCT_NAME = "$(TARGET_NAME)";
				SUPPORTED_PLATFORMS = "iphoneos iphonesimulator";
				SUPPORTS_MACCATALYST = NO;
				SUPPORTS_MAC_DESIGNED_FOR_IPHONE_IPAD = NO;
				SWIFT_EMIT_LOC_STRINGS = YES;
				SWIFT_VERSION = 5.0;
				TARGETED_DEVICE_FAMILY = 1;
			};
			name = Release;
		};
/* End XCBuildConfiguration section */

/* Begin XCConfigurationList section */
		8A3B6DAB2A703E3C0041487A /* Build configuration list for PBXProject "BelChat" */ = {
			isa = XCConfigurationList;
			buildConfigurations = (
				8A3B6DC22A703E3F0041487A /* Debug */,
				8A3B6DC32A703E3F0041487A /* Release */,
			);
			defaultConfigurationIsVisible = 0;
			defaultConfigurationName = Release;
		};
		8A3B6DC42A703E3F0041487A /* Build configuration list for PBXNativeTarget "BelChat" */ = {
			isa = XCConfigurationList;
			buildConfigurations = (
				8A3B6DC52A703E3F0041487A /* Debug */,
				8A3B6DC62A703E3F0041487A /* Release */,
			);
			defaultConfigurationIsVisible = 0;
			defaultConfigurationName = Release;
		};
/* End XCConfigurationList section */

/* Begin XCRemoteSwiftPackageReference section */
		8A3B6DC92A7041330041487A /* XCRemoteSwiftPackageReference "firebase-ios-sdk" */ = {
			isa = XCRemoteSwiftPackageReference;
			repositoryURL = "https://github.com/firebase/firebase-ios-sdk";
			requirement = {
				kind = upToNextMajorVersion;
				minimumVersion = 10.0.0;
			};
		};
/* End XCRemoteSwiftPackageReference section */

/* Begin XCSwiftPackageProductDependency section */
		8A3B6DCA2A7041340041487A /* FirebaseAuth */ = {
			isa = XCSwiftPackageProductDependency;
			package = 8A3B6DC92A7041330041487A /* XCRemoteSwiftPackageReference "firebase-ios-sdk" */;
			productName = FirebaseAuth;
		};
/* End XCSwiftPackageProductDependency section */
	};
	rootObject = 8A3B6DA82A703E3C0041487A /* Project object */;
}
